
Microsoft Visual Studio Solution File, Format Version 12.00
# Visual Studio Version 17
VisualStudioVersion = 17.0.31903.59
MinimumVisualStudioVersion = 10.0.40219.1
Project("{2150E333-8FDC-42A3-9474-1A3956D46DE8}") = "FluentBuilder", "FluentBuilder", "{0FB29620-8E67-48F8-9E04-0BDE07E0F0CF}"
EndProject
Project("{2150E333-8FDC-42A3-9474-1A3956D46DE8}") = "Builder", "Builder", "{4A56C069-26EB-4F4B-8A2C-372FE0C0F61E}"
EndProject
Project("{9A19103F-16F7-4668-BE54-9A1E7A4F7556}") = "Builder", "1.Creational\Builder\Builder.csproj", "{355AC953-622C-4613-B371-6C28E1AC20C3}"
EndProject
Project("{9A19103F-16F7-4668-BE54-9A1E7A4F7556}") = "FluentBuilder", "1.Creational\FluentBuilder\FluentBuilder.csproj", "{C678A1A7-B85F-438F-9E94-C30235D46A6F}"
EndProject
Project("{2150E333-8FDC-42A3-9474-1A3956D46DE8}") = "AbstractFactory", "AbstractFactory", "{6E4FE7AC-C1C1-443B-AC25-1A92CAF0C27C}"
EndProject
Project("{2150E333-8FDC-42A3-9474-1A3956D46DE8}") = "MethodFactory", "MethodFactory", "{2B898BDB-1190-4128-BC5C-E8D4C0D45EA5}"
EndProject
Project("{2150E333-8FDC-42A3-9474-1A3956D46DE8}") = "1.Creational", "1.Creational", "{5EB4EA38-3BD5-4AB0-A5AA-7A8799CA8550}"
EndProject
Project("{2150E333-8FDC-42A3-9474-1A3956D46DE8}") = "2.Structural", "2.Structural", "{83BCFA32-2C7B-461C-8E25-A25CC9463985}"
EndProject
Project("{2150E333-8FDC-42A3-9474-1A3956D46DE8}") = "Prototype", "Prototype", "{3EE86CF6-6517-49CB-92E8-3DB03E7D577C}"
EndProject
Project("{9A19103F-16F7-4668-BE54-9A1E7A4F7556}") = "Prototype", "1.Creational\Prototype\Prototype\Prototype.csproj", "{0BFDFB79-E7C3-455F-934E-DFCD3BC74830}"
EndProject
Project("{2150E333-8FDC-42A3-9474-1A3956D46DE8}") = "Adapter", "Adapter", "{7E8ADA67-9E34-42CB-B151-501EB96B6B4F}"
EndProject
Project("{9A19103F-16F7-4668-BE54-9A1E7A4F7556}") = "Adapter", "2.Structural\Adapter\Adapter\Adapter.csproj", "{706C0911-0CA2-4DDC-8AAD-E779C04E7B28}"
EndProject
Project("{2150E333-8FDC-42A3-9474-1A3956D46DE8}") = "Facade", "Facade", "{2A04A5BB-46EF-4483-9344-142B741F4ED6}"
EndProject
Project("{9A19103F-16F7-4668-BE54-9A1E7A4F7556}") = "Facade", "2.Structural\Facade\Facade\Facade.csproj", "{EFB136ED-ABF2-4031-935F-AAC356EF4198}"
EndProject
Project("{2150E333-8FDC-42A3-9474-1A3956D46DE8}") = "Decorator", "Decorator", "{54A3E96A-052F-4887-873B-B9EFB985A012}"
EndProject
Project("{9A19103F-16F7-4668-BE54-9A1E7A4F7556}") = "Decorator", "2.Structural\Decorator\Decorator\Decorator.csproj", "{D5337462-6556-4DB8-B27C-393086F4EF06}"
EndProject
Project("{2150E333-8FDC-42A3-9474-1A3956D46DE8}") = "Bridge", "Bridge", "{B13F01C2-D2A4-4D39-BD3A-75C0CFDAABE1}"
EndProject
Project("{9A19103F-16F7-4668-BE54-9A1E7A4F7556}") = "Bridge", "2.Structural\Bridge\Bridge\Bridge.csproj", "{84E43B61-AF39-4CB6-A556-0CB069652744}"
EndProject
Project("{2150E333-8FDC-42A3-9474-1A3956D46DE8}") = "Composite", "Composite", "{9AB88E30-7F8C-46AB-BA84-5CB6AB2031C0}"
EndProject
Project("{9A19103F-16F7-4668-BE54-9A1E7A4F7556}") = "Composite", "2.Structural\Composite\Composite\Composite.csproj", "{A6C73D13-B830-4753-9F9E-410BE889CB40}"
EndProject
Project("{2150E333-8FDC-42A3-9474-1A3956D46DE8}") = "3.Behavior", "3.Behavior", "{7BF98BC7-28F0-47CC-8EC3-B1178703A951}"
EndProject
Project("{2150E333-8FDC-42A3-9474-1A3956D46DE8}") = "Proxy", "Proxy", "{9186F2D2-AF4C-4381-8A47-F3C2FCEC8F26}"
EndProject
Project("{9A19103F-16F7-4668-BE54-9A1E7A4F7556}") = "Proxy", "2.Structural\Proxy\Proxy\Proxy.csproj", "{10D91E5C-31A8-4909-B322-513BAB11FC04}"
EndProject
Project("{2150E333-8FDC-42A3-9474-1A3956D46DE8}") = "Iterator", "Iterator", "{36C5966D-57CE-40C8-9FD0-524B9C4B20C8}"
EndProject
Project("{9A19103F-16F7-4668-BE54-9A1E7A4F7556}") = "Iterator", "3.Behavior\Iterator\Iterator\Iterator.csproj", "{6356B256-BF33-49EF-82DE-66AEFCF760FC}"
EndProject
Project("{2150E333-8FDC-42A3-9474-1A3956D46DE8}") = "Observer", "Observer", "{B1872113-F412-4C33-9DBA-6CD6D664F77F}"
EndProject
Project("{9A19103F-16F7-4668-BE54-9A1E7A4F7556}") = "Observer", "3.Behavior\Observer\Observer\Observer.csproj", "{93DB5C6A-E262-4094-B23E-E21C539AC50B}"
EndProject
Project("{9A19103F-16F7-4668-BE54-9A1E7A4F7556}") = "MethodFactory", "1.Creational\FactoryMethod\MethodFactory.csproj", "{EA744543-BBEB-4044-BF9D-D077F07F9DA3}"
EndProject
Project("{2150E333-8FDC-42A3-9474-1A3956D46DE8}") = "Example1", "Example1", "{857A13ED-A1A2-43E6-98F3-FCC581F7A9AE}"
EndProject
Project("{2150E333-8FDC-42A3-9474-1A3956D46DE8}") = "Example2", "Example2", "{EBF746E6-6E7F-4DD9-A266-F7EDB4890774}"
EndProject
Project("{9A19103F-16F7-4668-BE54-9A1E7A4F7556}") = "AbstractFactoryConnection", "1.Creational\AbstractFactory\Example1\AbstractFactoryConnection.csproj", "{4BB0C137-4093-4555-BE0F-CFAA60A22074}"
EndProject
Project("{9A19103F-16F7-4668-BE54-9A1E7A4F7556}") = "AbstractFactory", "1.Creational\AbstractFactory\Example2\AbstractFactory.csproj", "{97E34964-094E-479B-B962-6B7943854ACB}"
EndProject
Global
	GlobalSection(SolutionConfigurationPlatforms) = preSolution
		Debug|Any CPU = Debug|Any CPU
		Release|Any CPU = Release|Any CPU
	EndGlobalSection
	GlobalSection(ProjectConfigurationPlatforms) = postSolution
		{355AC953-622C-4613-B371-6C28E1AC20C3}.Debug|Any CPU.ActiveCfg = Debug|Any CPU
		{355AC953-622C-4613-B371-6C28E1AC20C3}.Debug|Any CPU.Build.0 = Debug|Any CPU
		{355AC953-622C-4613-B371-6C28E1AC20C3}.Release|Any CPU.ActiveCfg = Release|Any CPU
		{355AC953-622C-4613-B371-6C28E1AC20C3}.Release|Any CPU.Build.0 = Release|Any CPU
		{C678A1A7-B85F-438F-9E94-C30235D46A6F}.Debug|Any CPU.ActiveCfg = Debug|Any CPU
		{C678A1A7-B85F-438F-9E94-C30235D46A6F}.Debug|Any CPU.Build.0 = Debug|Any CPU
		{C678A1A7-B85F-438F-9E94-C30235D46A6F}.Release|Any CPU.ActiveCfg = Release|Any CPU
		{C678A1A7-B85F-438F-9E94-C30235D46A6F}.Release|Any CPU.Build.0 = Release|Any CPU
		{0BFDFB79-E7C3-455F-934E-DFCD3BC74830}.Debug|Any CPU.ActiveCfg = Debug|Any CPU
		{0BFDFB79-E7C3-455F-934E-DFCD3BC74830}.Debug|Any CPU.Build.0 = Debug|Any CPU
		{0BFDFB79-E7C3-455F-934E-DFCD3BC74830}.Release|Any CPU.ActiveCfg = Release|Any CPU
		{0BFDFB79-E7C3-455F-934E-DFCD3BC74830}.Release|Any CPU.Build.0 = Release|Any CPU
		{706C0911-0CA2-4DDC-8AAD-E779C04E7B28}.Debug|Any CPU.ActiveCfg = Debug|Any CPU
		{706C0911-0CA2-4DDC-8AAD-E779C04E7B28}.Debug|Any CPU.Build.0 = Debug|Any CPU
		{706C0911-0CA2-4DDC-8AAD-E779C04E7B28}.Release|Any CPU.ActiveCfg = Release|Any CPU
		{706C0911-0CA2-4DDC-8AAD-E779C04E7B28}.Release|Any CPU.Build.0 = Release|Any CPU
		{EFB136ED-ABF2-4031-935F-AAC356EF4198}.Debug|Any CPU.ActiveCfg = Debug|Any CPU
		{EFB136ED-ABF2-4031-935F-AAC356EF4198}.Debug|Any CPU.Build.0 = Debug|Any CPU
		{EFB136ED-ABF2-4031-935F-AAC356EF4198}.Release|Any CPU.ActiveCfg = Release|Any CPU
		{EFB136ED-ABF2-4031-935F-AAC356EF4198}.Release|Any CPU.Build.0 = Release|Any CPU
		{D5337462-6556-4DB8-B27C-393086F4EF06}.Debug|Any CPU.ActiveCfg = Debug|Any CPU
		{D5337462-6556-4DB8-B27C-393086F4EF06}.Debug|Any CPU.Build.0 = Debug|Any CPU
		{D5337462-6556-4DB8-B27C-393086F4EF06}.Release|Any CPU.ActiveCfg = Release|Any CPU
		{D5337462-6556-4DB8-B27C-393086F4EF06}.Release|Any CPU.Build.0 = Release|Any CPU
		{84E43B61-AF39-4CB6-A556-0CB069652744}.Debug|Any CPU.ActiveCfg = Debug|Any CPU
		{84E43B61-AF39-4CB6-A556-0CB069652744}.Debug|Any CPU.Build.0 = Debug|Any CPU
		{84E43B61-AF39-4CB6-A556-0CB069652744}.Release|Any CPU.ActiveCfg = Release|Any CPU
		{84E43B61-AF39-4CB6-A556-0CB069652744}.Release|Any CPU.Build.0 = Release|Any CPU
		{A6C73D13-B830-4753-9F9E-410BE889CB40}.Debug|Any CPU.ActiveCfg = Debug|Any CPU
		{A6C73D13-B830-4753-9F9E-410BE889CB40}.Debug|Any CPU.Build.0 = Debug|Any CPU
		{A6C73D13-B830-4753-9F9E-410BE889CB40}.Release|Any CPU.ActiveCfg = Release|Any CPU
		{A6C73D13-B830-4753-9F9E-410BE889CB40}.Release|Any CPU.Build.0 = Release|Any CPU
		{10D91E5C-31A8-4909-B322-513BAB11FC04}.Debug|Any CPU.ActiveCfg = Debug|Any CPU
		{10D91E5C-31A8-4909-B322-513BAB11FC04}.Debug|Any CPU.Build.0 = Debug|Any CPU
		{10D91E5C-31A8-4909-B322-513BAB11FC04}.Release|Any CPU.ActiveCfg = Release|Any CPU
		{10D91E5C-31A8-4909-B322-513BAB11FC04}.Release|Any CPU.Build.0 = Release|Any CPU
		{6356B256-BF33-49EF-82DE-66AEFCF760FC}.Debug|Any CPU.ActiveCfg = Debug|Any CPU
		{6356B256-BF33-49EF-82DE-66AEFCF760FC}.Debug|Any CPU.Build.0 = Debug|Any CPU
		{6356B256-BF33-49EF-82DE-66AEFCF760FC}.Release|Any CPU.ActiveCfg = Release|Any CPU
		{6356B256-BF33-49EF-82DE-66AEFCF760FC}.Release|Any CPU.Build.0 = Release|Any CPU
		{93DB5C6A-E262-4094-B23E-E21C539AC50B}.Debug|Any CPU.ActiveCfg = Debug|Any CPU
		{93DB5C6A-E262-4094-B23E-E21C539AC50B}.Debug|Any CPU.Build.0 = Debug|Any CPU
		{93DB5C6A-E262-4094-B23E-E21C539AC50B}.Release|Any CPU.ActiveCfg = Release|Any CPU
		{93DB5C6A-E262-4094-B23E-E21C539AC50B}.Release|Any CPU.Build.0 = Release|Any CPU
		{EA744543-BBEB-4044-BF9D-D077F07F9DA3}.Debug|Any CPU.ActiveCfg = Debug|Any CPU
		{EA744543-BBEB-4044-BF9D-D077F07F9DA3}.Debug|Any CPU.Build.0 = Debug|Any CPU
		{EA744543-BBEB-4044-BF9D-D077F07F9DA3}.Release|Any CPU.ActiveCfg = Release|Any CPU
		{EA744543-BBEB-4044-BF9D-D077F07F9DA3}.Release|Any CPU.Build.0 = Release|Any CPU
		{4BB0C137-4093-4555-BE0F-CFAA60A22074}.Debug|Any CPU.ActiveCfg = Debug|Any CPU
		{4BB0C137-4093-4555-BE0F-CFAA60A22074}.Debug|Any CPU.Build.0 = Debug|Any CPU
		{4BB0C137-4093-4555-BE0F-CFAA60A22074}.Release|Any CPU.ActiveCfg = Release|Any CPU
		{4BB0C137-4093-4555-BE0F-CFAA60A22074}.Release|Any CPU.Build.0 = Release|Any CPU
		{97E34964-094E-479B-B962-6B7943854ACB}.Debug|Any CPU.ActiveCfg = Debug|Any CPU
		{97E34964-094E-479B-B962-6B7943854ACB}.Debug|Any CPU.Build.0 = Debug|Any CPU
		{97E34964-094E-479B-B962-6B7943854ACB}.Release|Any CPU.ActiveCfg = Release|Any CPU
		{97E34964-094E-479B-B962-6B7943854ACB}.Release|Any CPU.Build.0 = Release|Any CPU
	EndGlobalSection
	GlobalSection(SolutionProperties) = preSolution
		HideSolutionNode = FALSE
	EndGlobalSection
	GlobalSection(NestedProjects) = preSolution
		{0FB29620-8E67-48F8-9E04-0BDE07E0F0CF} = {5EB4EA38-3BD5-4AB0-A5AA-7A8799CA8550}
		{4A56C069-26EB-4F4B-8A2C-372FE0C0F61E} = {5EB4EA38-3BD5-4AB0-A5AA-7A8799CA8550}
		{355AC953-622C-4613-B371-6C28E1AC20C3} = {4A56C069-26EB-4F4B-8A2C-372FE0C0F61E}
		{C678A1A7-B85F-438F-9E94-C30235D46A6F} = {0FB29620-8E67-48F8-9E04-0BDE07E0F0CF}
		{6E4FE7AC-C1C1-443B-AC25-1A92CAF0C27C} = {5EB4EA38-3BD5-4AB0-A5AA-7A8799CA8550}
		{2B898BDB-1190-4128-BC5C-E8D4C0D45EA5} = {5EB4EA38-3BD5-4AB0-A5AA-7A8799CA8550}
		{3EE86CF6-6517-49CB-92E8-3DB03E7D577C} = {5EB4EA38-3BD5-4AB0-A5AA-7A8799CA8550}
		{0BFDFB79-E7C3-455F-934E-DFCD3BC74830} = {3EE86CF6-6517-49CB-92E8-3DB03E7D577C}
		{7E8ADA67-9E34-42CB-B151-501EB96B6B4F} = {83BCFA32-2C7B-461C-8E25-A25CC9463985}
		{706C0911-0CA2-4DDC-8AAD-E779C04E7B28} = {7E8ADA67-9E34-42CB-B151-501EB96B6B4F}
		{2A04A5BB-46EF-4483-9344-142B741F4ED6} = {83BCFA32-2C7B-461C-8E25-A25CC9463985}
		{EFB136ED-ABF2-4031-935F-AAC356EF4198} = {2A04A5BB-46EF-4483-9344-142B741F4ED6}
		{54A3E96A-052F-4887-873B-B9EFB985A012} = {83BCFA32-2C7B-461C-8E25-A25CC9463985}
		{D5337462-6556-4DB8-B27C-393086F4EF06} = {54A3E96A-052F-4887-873B-B9EFB985A012}
		{B13F01C2-D2A4-4D39-BD3A-75C0CFDAABE1} = {83BCFA32-2C7B-461C-8E25-A25CC9463985}
		{84E43B61-AF39-4CB6-A556-0CB069652744} = {B13F01C2-D2A4-4D39-BD3A-75C0CFDAABE1}
		{9AB88E30-7F8C-46AB-BA84-5CB6AB2031C0} = {83BCFA32-2C7B-461C-8E25-A25CC9463985}
		{A6C73D13-B830-4753-9F9E-410BE889CB40} = {9AB88E30-7F8C-46AB-BA84-5CB6AB2031C0}
		{9186F2D2-AF4C-4381-8A47-F3C2FCEC8F26} = {83BCFA32-2C7B-461C-8E25-A25CC9463985}
		{10D91E5C-31A8-4909-B322-513BAB11FC04} = {9186F2D2-AF4C-4381-8A47-F3C2FCEC8F26}
		{36C5966D-57CE-40C8-9FD0-524B9C4B20C8} = {7BF98BC7-28F0-47CC-8EC3-B1178703A951}
		{6356B256-BF33-49EF-82DE-66AEFCF760FC} = {36C5966D-57CE-40C8-9FD0-524B9C4B20C8}
		{B1872113-F412-4C33-9DBA-6CD6D664F77F} = {7BF98BC7-28F0-47CC-8EC3-B1178703A951}
		{93DB5C6A-E262-4094-B23E-E21C539AC50B} = {B1872113-F412-4C33-9DBA-6CD6D664F77F}
		{EA744543-BBEB-4044-BF9D-D077F07F9DA3} = {2B898BDB-1190-4128-BC5C-E8D4C0D45EA5}
		{857A13ED-A1A2-43E6-98F3-FCC581F7A9AE} = {6E4FE7AC-C1C1-443B-AC25-1A92CAF0C27C}
		{EBF746E6-6E7F-4DD9-A266-F7EDB4890774} = {6E4FE7AC-C1C1-443B-AC25-1A92CAF0C27C}
		{4BB0C137-4093-4555-BE0F-CFAA60A22074} = {857A13ED-A1A2-43E6-98F3-FCC581F7A9AE}
		{97E34964-094E-479B-B962-6B7943854ACB} = {EBF746E6-6E7F-4DD9-A266-F7EDB4890774}
	EndGlobalSection
	GlobalSection(ExtensibilityGlobals) = postSolution
		SolutionGuid = {D58807C7-17D5-4B8D-9E61-23FE925BFBB2}
	EndGlobalSection
EndGlobal
